
Microsoft Visual Studio Solution File, Format Version 12.00
# Visual Studio Version 16
VisualStudioVersion = 16.0.32228.343
MinimumVisualStudioVersion = 10.0.40219.1
Project("{FAE04EC0-301F-11D3-BF4B-00C04F79EFBC}") = "Ejercicio18", "Ejercicio18\Ejercicio18.csproj", "{5BB14CCC-BF7B-4E4C-A5EE-CC74CADA75E5}"
EndProject
Global
	GlobalSection(SolutionConfigurationPlatforms) = preSolution
		Debug|Any CPU = Debug|Any CPU
		Release|Any CPU = Release|Any CPU
	EndGlobalSection
	GlobalSection(ProjectConfigurationPlatforms) = postSolution
		{5BB14CCC-BF7B-4E4C-A5EE-CC74CADA75E5}.Debug|Any CPU.ActiveCfg = Debug|Any CPU
		{5BB14CCC-BF7B-4E4C-A5EE-CC74CADA75E5}.Debug|Any CPU.Build.0 = Debug|Any CPU
		{5BB14CCC-BF7B-4E4C-A5EE-CC74CADA75E5}.Release|Any CPU.ActiveCfg = Release|Any CPU
		{5BB14CCC-BF7B-4E4C-A5EE-CC74CADA75E5}.Release|Any CPU.Build.0 = Release|Any CPU
	EndGlobalSection
	GlobalSection(SolutionProperties) = preSolution
		HideSolutionNode = FALSE
	EndGlobalSection
	GlobalSection(ExtensibilityGlobals) = postSolution
		SolutionGuid = {ED8E25D2-CFFD-4FEF-AABE-933BD877D58F}
	EndGlobalSection
EndGlobal
